
Microsoft Visual Studio Solution File, Format Version 12.00
# Visual Studio Version 17
VisualStudioVersion = 17.4.32804.182
MinimumVisualStudioVersion = 10.0.40219.1
Project("{FAE04EC0-301F-11D3-BF4B-00C04F79EFBC}") = "UserManagement", "UserManagement\UserManagement.csproj", "{0D18F3E4-CAB9-40B7-8191-21C477D5D1E5}"
EndProject
Global
	GlobalSection(SolutionConfigurationPlatforms) = preSolution
		Debug|Any CPU = Debug|Any CPU
		Release|Any CPU = Release|Any CPU
	EndGlobalSection
	GlobalSection(ProjectConfigurationPlatforms) = postSolution
		{0D18F3E4-CAB9-40B7-8191-21C477D5D1E5}.Debug|Any CPU.ActiveCfg = Debug|Any CPU
		{0D18F3E4-CAB9-40B7-8191-21C477D5D1E5}.Debug|Any CPU.Build.0 = Debug|Any CPU
		{0D18F3E4-CAB9-40B7-8191-21C477D5D1E5}.Release|Any CPU.ActiveCfg = Release|Any CPU
		{0D18F3E4-CAB9-40B7-8191-21C477D5D1E5}.Release|Any CPU.Build.0 = Release|Any CPU
	EndGlobalSection
	GlobalSection(SolutionProperties) = preSolution
		HideSolutionNode = FALSE
	EndGlobalSection
	GlobalSection(ExtensibilityGlobals) = postSolution
		SolutionGuid = {63C09597-891B-4F03-B4EE-ABDB63B2AD83}
	EndGlobalSection
EndGlobal
